
Microsoft Visual Studio Solution File, Format Version 12.00
# Visual Studio Version 16
VisualStudioVersion = 16.0.30413.136
MinimumVisualStudioVersion = 10.0.40219.1
Project("{FAE04EC0-301F-11D3-BF4B-00C04F79EFBC}") = "TDDpractice.Core.Tests", "TDDpractice\TDDpractice.Core.Tests.csproj", "{5BBFA31F-BE0B-4898-8E35-CCF2A59318C5}"
EndProject
Global
	GlobalSection(SolutionConfigurationPlatforms) = preSolution
		Debug|Any CPU = Debug|Any CPU
		Release|Any CPU = Release|Any CPU
	EndGlobalSection
	GlobalSection(ProjectConfigurationPlatforms) = postSolution
		{5BBFA31F-BE0B-4898-8E35-CCF2A59318C5}.Debug|Any CPU.ActiveCfg = Debug|Any CPU
		{5BBFA31F-BE0B-4898-8E35-CCF2A59318C5}.Debug|Any CPU.Build.0 = Debug|Any CPU
		{5BBFA31F-BE0B-4898-8E35-CCF2A59318C5}.Release|Any CPU.ActiveCfg = Release|Any CPU
		{5BBFA31F-BE0B-4898-8E35-CCF2A59318C5}.Release|Any CPU.Build.0 = Release|Any CPU
	EndGlobalSection
	GlobalSection(SolutionProperties) = preSolution
		HideSolutionNode = FALSE
	EndGlobalSection
	GlobalSection(ExtensibilityGlobals) = postSolution
		SolutionGuid = {864E21DF-6B7B-4324-81E8-187B78B5CF6A}
	EndGlobalSection
EndGlobal
